
Microsoft Visual Studio Solution File, Format Version 12.00
# Visual Studio Version 17
VisualStudioVersion = 17.9.34616.47
MinimumVisualStudioVersion = 10.0.40219.1
Project("{FAE04EC0-301F-11D3-BF4B-00C04F79EFBC}") = "Mi primer programa", "Mi primer programa\Mi primer programa.csproj", "{FCFB7AB9-0201-4CBC-A4D4-D79C9C345374}"
EndProject
Global
	GlobalSection(SolutionConfigurationPlatforms) = preSolution
		Debug|Any CPU = Debug|Any CPU
		Release|Any CPU = Release|Any CPU
	EndGlobalSection
	GlobalSection(ProjectConfigurationPlatforms) = postSolution
		{FCFB7AB9-0201-4CBC-A4D4-D79C9C345374}.Debug|Any CPU.ActiveCfg = Debug|Any CPU
		{FCFB7AB9-0201-4CBC-A4D4-D79C9C345374}.Debug|Any CPU.Build.0 = Debug|Any CPU
		{FCFB7AB9-0201-4CBC-A4D4-D79C9C345374}.Release|Any CPU.ActiveCfg = Release|Any CPU
		{FCFB7AB9-0201-4CBC-A4D4-D79C9C345374}.Release|Any CPU.Build.0 = Release|Any CPU
	EndGlobalSection
	GlobalSection(SolutionProperties) = preSolution
		HideSolutionNode = FALSE
	EndGlobalSection
	GlobalSection(ExtensibilityGlobals) = postSolution
		SolutionGuid = {78753F94-7DAB-43D5-A9A9-17E29D5E03B8}
	EndGlobalSection
EndGlobal
